{
  "name": "ukoma-node-project",
  "version": "1.0.0",
  "lockfileVersion": 2,
  "requires": true,
  "packages": {
    "": {
      "name": "ukoma-node-project",
      "version": "1.0.0",
      "license": "MIT",
      "dependencies": {
        "@u-koma/npm-publish-test": "^1.0.0"
      }
    },
    "node_modules/@u-koma/npm-publish-test": {
      "version": "1.0.0",
      "resolved": "https://registry.npmjs.org/@u-koma/npm-publish-test/-/npm-publish-test-1.0.0.tgz",
      "integrity": "sha512-4YOme0e4l4sIFkr4JP647YEZfRaYHo/gqj9V8s/9fM7ME6Au74qDBdT9gfR48P46uWEnmaHBDLP4wSlAT8KrIA=="
    }
  },
  "dependencies": {
    "@u-koma/npm-publish-test": {
      "version": "1.0.0",
      "resolved": "https://registry.npmjs.org/@u-koma/npm-publish-test/-/npm-publish-test-1.0.0.tgz",
      "integrity": "sha512-4YOme0e4l4sIFkr4JP647YEZfRaYHo/gqj9V8s/9fM7ME6Au74qDBdT9gfR48P46uWEnmaHBDLP4wSlAT8KrIA=="
    }
  }
}
